{
  "name": "node2",
  "lockfileVersion": 3,
  "requires": true,
  "packages": {
    "": {
      "dependencies": {
        "express-validator": "^6.15.0"
      }
    },
    "node_modules/express-validator": {
      "version": "6.15.0",
      "resolved": "https://registry.npmjs.org/express-validator/-/express-validator-6.15.0.tgz",
      "integrity": "sha512-r05VYoBL3i2pswuehoFSy+uM8NBuVaY7avp5qrYjQBDzagx2Z5A77FZqPT8/gNLF3HopWkIzaTFaC4JysWXLqg==",
      "dependencies": {
        "lodash": "^4.17.21",
        "validator": "^13.9.0"
      },
      "engines": {
        "node": ">= 8.0.0"
      }
    },
    "node_modules/lodash": {
      "version": "4.17.21",
      "resolved": "https://registry.npmjs.org/lodash/-/lodash-4.17.21.tgz",
      "integrity": "sha512-v2kDEe57lecTulaDIuNTPy3Ry4gLGJ6Z1O3vE1krgXZNrsQ+LFTGHVxVjcXPs17LhbZVGedAJv8XZ1tvj5FvSg=="
    },
    "node_modules/validator": {
      "version": "13.9.0",
      "resolved": "https://registry.npmjs.org/validator/-/validator-13.9.0.tgz",
      "integrity": "sha512-B+dGG8U3fdtM0/aNK4/X8CXq/EcxU2WPrPEkJGslb47qyHsxmbggTWK0yEA4qnYVNF+nxNlN88o14hIcPmSIEA==",
      "engines": {
        "node": ">= 0.10"
      }
    }
  }
}
